
Microsoft Visual Studio Solution File, Format Version 12.00
# Visual Studio 15
VisualStudioVersion = 15.0.28307.572
MinimumVisualStudioVersion = 10.0.40219.1
Project("{FAE04EC0-301F-11D3-BF4B-00C04F79EFBC}") = "Laboratory work 5", "Laboratory work 5\Laboratory work 5.csproj", "{B63F392A-4115-483F-AAC6-C647EC570086}"
EndProject
Global
	GlobalSection(SolutionConfigurationPlatforms) = preSolution
		Debug|Any CPU = Debug|Any CPU
		Release|Any CPU = Release|Any CPU
	EndGlobalSection
	GlobalSection(ProjectConfigurationPlatforms) = postSolution
		{B63F392A-4115-483F-AAC6-C647EC570086}.Debug|Any CPU.ActiveCfg = Debug|Any CPU
		{B63F392A-4115-483F-AAC6-C647EC570086}.Debug|Any CPU.Build.0 = Debug|Any CPU
		{B63F392A-4115-483F-AAC6-C647EC570086}.Release|Any CPU.ActiveCfg = Release|Any CPU
		{B63F392A-4115-483F-AAC6-C647EC570086}.Release|Any CPU.Build.0 = Release|Any CPU
	EndGlobalSection
	GlobalSection(SolutionProperties) = preSolution
		HideSolutionNode = FALSE
	EndGlobalSection
	GlobalSection(ExtensibilityGlobals) = postSolution
		SolutionGuid = {8DC8A16B-F839-490B-82AD-32F1499B2933}
	EndGlobalSection
EndGlobal
